{
  "name": "opencode-agent-skill",
  "version": "14.4.0",
  "lockfileVersion": 3,
  "requires": true,
  "packages": {
    "": {
      "name": "opencode-agent-skill",
      "version": "14.4.0",
      "license": "MIT",
      "bin": {
        "ues": "bin/ocskill.mjs",
        "ocskill": "bin/ocskill.mjs"
      },
      "engines": {
        "node": ">=22.19"
      },
      "peerDependencies": {
        "@earendil-works/pi-coding-agent": "*",
        "typebox": "*"
      },
      "peerDependenciesMeta": {
        "@earendil-works/pi-coding-agent": {
          "optional": true
        },
        "typebox": {
          "optional": true
        }
      }
    }
  }
}
