{
  "name": "@laivannha0202/opencode-agent-skill",
  "version": "2.0.1",
  "lockfileVersion": 3,
  "requires": true,
  "packages": {
    "": {
      "name": "@laivannha0202/opencode-agent-skill",
      "version": "2.0.1",
      "license": "MIT",
      "bin": {
        "ocskill": "bin/ocskill.mjs"
      },
      "engines": {
        "node": ">=20"
      },
      "hasInstallScript": true
    }
  }
}
