{
  "name": "opencode-agent-skill",
  "version": "10.0.0",
  "lockfileVersion": 3,
  "requires": true,
  "packages": {
    "": {
      "name": "opencode-agent-skill",
      "version": "10.0.0",
      "hasInstallScript": true,
      "license": "MIT",
      "bin": {
        "ocskill": "bin/ocskill.mjs"
      },
      "engines": {
        "node": ">=20"
      }
    }
  }
}
